
Microsoft Visual Studio Solution File, Format Version 12.00
# Visual Studio Version 16
VisualStudioVersion = 16.0.30611.23
MinimumVisualStudioVersion = 10.0.40219.1
Project("{FAE04EC0-301F-11D3-BF4B-00C04F79EFBC}") = "FirmLibrary", "FirmLibrary\FirmLibrary.csproj", "{D13CF5BF-7B79-4B54-A08F-D6F8D71BA20C}"
EndProject
Project("{FAE04EC0-301F-11D3-BF4B-00C04F79EFBC}") = "FirmLibrary.Test", "FirmLibrary.Test\FirmLibrary.Test.csproj", "{B4BF0E9E-B52F-4B30-A5C3-FFD5F3DC12AB}"
EndProject
Global
	GlobalSection(SolutionConfigurationPlatforms) = preSolution
		Debug|Any CPU = Debug|Any CPU
		Release|Any CPU = Release|Any CPU
	EndGlobalSection
	GlobalSection(ProjectConfigurationPlatforms) = postSolution
		{D13CF5BF-7B79-4B54-A08F-D6F8D71BA20C}.Debug|Any CPU.ActiveCfg = Debug|Any CPU
		{D13CF5BF-7B79-4B54-A08F-D6F8D71BA20C}.Debug|Any CPU.Build.0 = Debug|Any CPU
		{D13CF5BF-7B79-4B54-A08F-D6F8D71BA20C}.Release|Any CPU.ActiveCfg = Release|Any CPU
		{D13CF5BF-7B79-4B54-A08F-D6F8D71BA20C}.Release|Any CPU.Build.0 = Release|Any CPU
		{B4BF0E9E-B52F-4B30-A5C3-FFD5F3DC12AB}.Debug|Any CPU.ActiveCfg = Debug|Any CPU
		{B4BF0E9E-B52F-4B30-A5C3-FFD5F3DC12AB}.Debug|Any CPU.Build.0 = Debug|Any CPU
		{B4BF0E9E-B52F-4B30-A5C3-FFD5F3DC12AB}.Release|Any CPU.ActiveCfg = Release|Any CPU
		{B4BF0E9E-B52F-4B30-A5C3-FFD5F3DC12AB}.Release|Any CPU.Build.0 = Release|Any CPU
	EndGlobalSection
	GlobalSection(SolutionProperties) = preSolution
		HideSolutionNode = FALSE
	EndGlobalSection
	GlobalSection(ExtensibilityGlobals) = postSolution
		SolutionGuid = {6DB14A38-979B-40F8-96B3-6DDEC5938F97}
	EndGlobalSection
EndGlobal
